// !$*UTF8*$!
{
	archiveVersion = 1;
	classes = {
	};
	objectVersion = 46;
	objects = {

/* Begin PBXBuildFile section */
		8C2EED241CC523B100BE4928 /* Config.swift in Sources */ = {isa = PBXBuildFile; fileRef = 8C2EED231CC523B100BE4928 /* Config.swift */; };
		8C6551A01CC29D7E0084D5F9 /* Interface.storyboard in Resources */ = {isa = PBXBuildFile; fileRef = 8C65519E1CC29D7E0084D5F9 /* Interface.storyboard */; };
		8C6551A21CC29D7E0084D5F9 /* Assets.xcassets in Resources */ = {isa = PBXBuildFile; fileRef = 8C6551A11CC29D7E0084D5F9 /* Assets.xcassets */; };
		8C6551A91CC29D7F0084D5F9 /* XSwatch Extension.appex in Embed App Extensions */ = {isa = PBXBuildFile; fileRef = 8C6551A81CC29D7F0084D5F9 /* XSwatch Extension.appex */; settings = {ATTRIBUTES = (RemoveHeadersOnCopy, ); }; };
		8C6551AE1CC29D7F0084D5F9 /* InterfaceController.swift in Sources */ = {isa = PBXBuildFile; fileRef = 8C6551AD1CC29D7F0084D5F9 /* InterfaceController.swift */; };
		8C6551B01CC29D7F0084D5F9 /* ExtensionDelegate.swift in Sources */ = {isa = PBXBuildFile; fileRef = 8C6551AF1CC29D7F0084D5F9 /* ExtensionDelegate.swift */; };
		8C6551B21CC29D7F0084D5F9 /* Assets.xcassets in Resources */ = {isa = PBXBuildFile; fileRef = 8C6551B11CC29D7F0084D5F9 /* Assets.xcassets */; };
		8C6551B61CC29D7F0084D5F9 /* XSwatch.app in Embed Watch Content */ = {isa = PBXBuildFile; fileRef = 8C65519C1CC29D7E0084D5F9 /* XSwatch.app */; };
		8C8A197B1CB450A000C94963 /* LocationManager.swift in Sources */ = {isa = PBXBuildFile; fileRef = 8C8A197A1CB450A000C94963 /* LocationManager.swift */; };
		8CD002111CB2F49A00B39D2D /* AppDelegate.swift in Sources */ = {isa = PBXBuildFile; fileRef = 8CD002101CB2F49A00B39D2D /* AppDelegate.swift */; };
		8CD002131CB2F49A00B39D2D /* ViewController.swift in Sources */ = {isa = PBXBuildFile; fileRef = 8CD002121CB2F49A00B39D2D /* ViewController.swift */; };
		8CD002161CB2F49A00B39D2D /* Main.storyboard in Resources */ = {isa = PBXBuildFile; fileRef = 8CD002141CB2F49A00B39D2D /* Main.storyboard */; };
		8CD002191CB2F49A00B39D2D /* ExisChatSwift.xcdatamodeld in Sources */ = {isa = PBXBuildFile; fileRef = 8CD002171CB2F49A00B39D2D /* ExisChatSwift.xcdatamodeld */; };
		8CD0021B1CB2F49A00B39D2D /* Assets.xcassets in Resources */ = {isa = PBXBuildFile; fileRef = 8CD0021A1CB2F49A00B39D2D /* Assets.xcassets */; };
		8CD0021E1CB2F49A00B39D2D /* LaunchScreen.storyboard in Resources */ = {isa = PBXBuildFile; fileRef = 8CD0021C1CB2F49A00B39D2D /* LaunchScreen.storyboard */; };
		8CF1CF451CB30D4000779C57 /* exis-logo.png in Resources */ = {isa = PBXBuildFile; fileRef = 8CF1CF441CB30D4000779C57 /* exis-logo.png */; };
		A24063AEDA4321DCFE2FD988 /* Pods_ExisChatSwift.framework in Frameworks */ = {isa = PBXBuildFile; fileRef = 6CB0BDBE4013F3A6980FDD6F /* Pods_ExisChatSwift.framework */; };
/* End PBXBuildFile section */

/* Begin PBXContainerItemProxy section */
		8C6551AA1CC29D7F0084D5F9 /* PBXContainerItemProxy */ = {
			isa = PBXContainerItemProxy;
			containerPortal = 8CD002051CB2F49A00B39D2D /* Project object */;
			proxyType = 1;
			remoteGlobalIDString = 8C6551A71CC29D7F0084D5F9;
			remoteInfo = "XSwatch Extension";
		};
		8C6551B41CC29D7F0084D5F9 /* PBXContainerItemProxy */ = {
			isa = PBXContainerItemProxy;
			containerPortal = 8CD002051CB2F49A00B39D2D /* Project object */;
			proxyType = 1;
			remoteGlobalIDString = 8C65519B1CC29D7E0084D5F9;
			remoteInfo = XSwatch;
		};
/* End PBXContainerItemProxy section */

/* Begin PBXCopyFilesBuildPhase section */
		8C6551BC1CC29D7F0084D5F9 /* Embed App Extensions */ = {
			isa = PBXCopyFilesBuildPhase;
			buildActionMask = 2147483647;
			dstPath = "";
			dstSubfolderSpec = 13;
			files = (
				8C6551A91CC29D7F0084D5F9 /* XSwatch Extension.appex in Embed App Extensions */,
			);
			name = "Embed App Extensions";
			runOnlyForDeploymentPostprocessing = 0;
		};
		8C6551BE1CC29D7F0084D5F9 /* Embed Watch Content */ = {
			isa = PBXCopyFilesBuildPhase;
			buildActionMask = 2147483647;
			dstPath = "$(CONTENTS_FOLDER_PATH)/Watch";
			dstSubfolderSpec = 16;
			files = (
				8C6551B61CC29D7F0084D5F9 /* XSwatch.app in Embed Watch Content */,
			);
			name = "Embed Watch Content";
			runOnlyForDeploymentPostprocessing = 0;
		};
/* End PBXCopyFilesBuildPhase section */

/* Begin PBXFileReference section */
		6CB0BDBE4013F3A6980FDD6F /* Pods_ExisChatSwift.framework */ = {isa = PBXFileReference; explicitFileType = wrapper.framework; includeInIndex = 0; path = Pods_ExisChatSwift.framework; sourceTree = BUILT_PRODUCTS_DIR; };
		8C2EED231CC523B100BE4928 /* Config.swift */ = {isa = PBXFileReference; fileEncoding = 4; lastKnownFileType = sourcecode.swift; path = Config.swift; sourceTree = "<group>"; };
		8C65519C1CC29D7E0084D5F9 /* XSwatch.app */ = {isa = PBXFileReference; explicitFileType = wrapper.application; includeInIndex = 0; path = XSwatch.app; sourceTree = BUILT_PRODUCTS_DIR; };
		8C65519F1CC29D7E0084D5F9 /* Base */ = {isa = PBXFileReference; lastKnownFileType = file.storyboard; name = Base; path = Base.lproj/Interface.storyboard; sourceTree = "<group>"; };
		8C6551A11CC29D7E0084D5F9 /* Assets.xcassets */ = {isa = PBXFileReference; lastKnownFileType = folder.assetcatalog; path = Assets.xcassets; sourceTree = "<group>"; };
		8C6551A31CC29D7E0084D5F9 /* Info.plist */ = {isa = PBXFileReference; lastKnownFileType = text.plist.xml; path = Info.plist; sourceTree = "<group>"; };
		8C6551A81CC29D7F0084D5F9 /* XSwatch Extension.appex */ = {isa = PBXFileReference; explicitFileType = "wrapper.app-extension"; includeInIndex = 0; path = "XSwatch Extension.appex"; sourceTree = BUILT_PRODUCTS_DIR; };
		8C6551AD1CC29D7F0084D5F9 /* InterfaceController.swift */ = {isa = PBXFileReference; lastKnownFileType = sourcecode.swift; path = InterfaceController.swift; sourceTree = "<group>"; };
		8C6551AF1CC29D7F0084D5F9 /* ExtensionDelegate.swift */ = {isa = PBXFileReference; lastKnownFileType = sourcecode.swift; path = ExtensionDelegate.swift; sourceTree = "<group>"; };
		8C6551B11CC29D7F0084D5F9 /* Assets.xcassets */ = {isa = PBXFileReference; lastKnownFileType = folder.assetcatalog; path = Assets.xcassets; sourceTree = "<group>"; };
		8C6551B31CC29D7F0084D5F9 /* Info.plist */ = {isa = PBXFileReference; lastKnownFileType = text.plist.xml; path = Info.plist; sourceTree = "<group>"; };
		8C8A197A1CB450A000C94963 /* LocationManager.swift */ = {isa = PBXFileReference; fileEncoding = 4; lastKnownFileType = sourcecode.swift; path = LocationManager.swift; sourceTree = "<group>"; };
		8CD0020D1CB2F49A00B39D2D /* ExisChatSwift.app */ = {isa = PBXFileReference; explicitFileType = wrapper.application; includeInIndex = 0; path = ExisChatSwift.app; sourceTree = BUILT_PRODUCTS_DIR; };
		8CD002101CB2F49A00B39D2D /* AppDelegate.swift */ = {isa = PBXFileReference; lastKnownFileType = sourcecode.swift; path = AppDelegate.swift; sourceTree = "<group>"; };
		8CD002121CB2F49A00B39D2D /* ViewController.swift */ = {isa = PBXFileReference; lastKnownFileType = sourcecode.swift; path = ViewController.swift; sourceTree = "<group>"; };
		8CD002151CB2F49A00B39D2D /* Base */ = {isa = PBXFileReference; lastKnownFileType = file.storyboard; name = Base; path = Base.lproj/Main.storyboard; sourceTree = "<group>"; };
		8CD002181CB2F49A00B39D2D /* ExisChatSwift.xcdatamodel */ = {isa = PBXFileReference; lastKnownFileType = wrapper.xcdatamodel; path = ExisChatSwift.xcdatamodel; sourceTree = "<group>"; };
		8CD0021A1CB2F49A00B39D2D /* Assets.xcassets */ = {isa = PBXFileReference; lastKnownFileType = folder.assetcatalog; path = Assets.xcassets; sourceTree = "<group>"; };
		8CD0021D1CB2F49A00B39D2D /* Base */ = {isa = PBXFileReference; lastKnownFileType = file.storyboard; name = Base; path = Base.lproj/LaunchScreen.storyboard; sourceTree = "<group>"; };
		8CD0021F1CB2F49A00B39D2D /* Info.plist */ = {isa = PBXFileReference; lastKnownFileType = text.plist.xml; path = Info.plist; sourceTree = "<group>"; };
		8CF1CF441CB30D4000779C57 /* exis-logo.png */ = {isa = PBXFileReference; lastKnownFileType = image.png; path = "exis-logo.png"; sourceTree = "<group>"; };
		A4F9AE4CC147CD366D3100D7 /* Pods-ExisChatSwift.release.xcconfig */ = {isa = PBXFileReference; includeInIndex = 1; lastKnownFileType = text.xcconfig; name = "Pods-ExisChatSwift.release.xcconfig"; path = "Pods/Target Support Files/Pods-ExisChatSwift/Pods-ExisChatSwift.release.xcconfig"; sourceTree = "<group>"; };
		C8E5092D54F4A99286EF7DC2 /* Pods-ExisChatSwift.debug.xcconfig */ = {isa = PBXFileReference; includeInIndex = 1; lastKnownFileType = text.xcconfig; name = "Pods-ExisChatSwift.debug.xcconfig"; path = "Pods/Target Support Files/Pods-ExisChatSwift/Pods-ExisChatSwift.debug.xcconfig"; sourceTree = "<group>"; };
/* End PBXFileReference section */

/* Begin PBXFrameworksBuildPhase section */
		8C6551A51CC29D7F0084D5F9 /* Frameworks */ = {
			isa = PBXFrameworksBuildPhase;
			buildActionMask = 2147483647;
			files = (
			);
			runOnlyForDeploymentPostprocessing = 0;
		};
		8CD0020A1CB2F49A00B39D2D /* Frameworks */ = {
			isa = PBXFrameworksBuildPhase;
			buildActionMask = 2147483647;
			files = (
				A24063AEDA4321DCFE2FD988 /* Pods_ExisChatSwift.framework in Frameworks */,
			);
			runOnlyForDeploymentPostprocessing = 0;
		};
/* End PBXFrameworksBuildPhase section */

/* Begin PBXGroup section */
		8C65519D1CC29D7E0084D5F9 /* XSwatch */ = {
			isa = PBXGroup;
			children = (
				8C65519E1CC29D7E0084D5F9 /* Interface.storyboard */,
				8C6551A11CC29D7E0084D5F9 /* Assets.xcassets */,
				8C6551A31CC29D7E0084D5F9 /* Info.plist */,
			);
			path = XSwatch;
			sourceTree = "<group>";
		};
		8C6551AC1CC29D7F0084D5F9 /* XSwatch Extension */ = {
			isa = PBXGroup;
			children = (
				8C6551AD1CC29D7F0084D5F9 /* InterfaceController.swift */,
				8C6551AF1CC29D7F0084D5F9 /* ExtensionDelegate.swift */,
				8C6551B11CC29D7F0084D5F9 /* Assets.xcassets */,
				8C6551B31CC29D7F0084D5F9 /* Info.plist */,
			);
			path = "XSwatch Extension";
			sourceTree = "<group>";
		};
		8CD002041CB2F49A00B39D2D = {
			isa = PBXGroup;
			children = (
				8CD0020F1CB2F49A00B39D2D /* ExisChatSwift */,
				8C65519D1CC29D7E0084D5F9 /* XSwatch */,
				8C6551AC1CC29D7F0084D5F9 /* XSwatch Extension */,
				8CD0020E1CB2F49A00B39D2D /* Products */,
				C4773765EC82641912D2E11B /* Pods */,
				D62F91E99FE306CF35DF3304 /* Frameworks */,
			);
			sourceTree = "<group>";
		};
		8CD0020E1CB2F49A00B39D2D /* Products */ = {
			isa = PBXGroup;
			children = (
				8CD0020D1CB2F49A00B39D2D /* ExisChatSwift.app */,
				8C65519C1CC29D7E0084D5F9 /* XSwatch.app */,
				8C6551A81CC29D7F0084D5F9 /* XSwatch Extension.appex */,
			);
			name = Products;
			sourceTree = "<group>";
		};
		8CD0020F1CB2F49A00B39D2D /* ExisChatSwift */ = {
			isa = PBXGroup;
			children = (
				8CF1CF441CB30D4000779C57 /* exis-logo.png */,
				8CD002101CB2F49A00B39D2D /* AppDelegate.swift */,
				8C2EED231CC523B100BE4928 /* Config.swift */,
				8CD002121CB2F49A00B39D2D /* ViewController.swift */,
				8C8A197A1CB450A000C94963 /* LocationManager.swift */,
				8CD002141CB2F49A00B39D2D /* Main.storyboard */,
				8CD0021A1CB2F49A00B39D2D /* Assets.xcassets */,
				8CD0021C1CB2F49A00B39D2D /* LaunchScreen.storyboard */,
				8CD0021F1CB2F49A00B39D2D /* Info.plist */,
				8CD002171CB2F49A00B39D2D /* ExisChatSwift.xcdatamodeld */,
			);
			path = ExisChatSwift;
			sourceTree = "<group>";
		};
		C4773765EC82641912D2E11B /* Pods */ = {
			isa = PBXGroup;
			children = (
				C8E5092D54F4A99286EF7DC2 /* Pods-ExisChatSwift.debug.xcconfig */,
				A4F9AE4CC147CD366D3100D7 /* Pods-ExisChatSwift.release.xcconfig */,
			);
			name = Pods;
			sourceTree = "<group>";
		};
		D62F91E99FE306CF35DF3304 /* Frameworks */ = {
			isa = PBXGroup;
			children = (
				6CB0BDBE4013F3A6980FDD6F /* Pods_ExisChatSwift.framework */,
			);
			name = Frameworks;
			sourceTree = "<group>";
		};
/* End PBXGroup section */

/* Begin PBXNativeTarget section */
		8C65519B1CC29D7E0084D5F9 /* XSwatch */ = {
			isa = PBXNativeTarget;
			buildConfigurationList = 8C6551BD1CC29D7F0084D5F9 /* Build configuration list for PBXNativeTarget "XSwatch" */;
			buildPhases = (
				8C65519A1CC29D7E0084D5F9 /* Resources */,
				8C6551BC1CC29D7F0084D5F9 /* Embed App Extensions */,
			);
			buildRules = (
			);
			dependencies = (
				8C6551AB1CC29D7F0084D5F9 /* PBXTargetDependency */,
			);
			name = XSwatch;
			productName = XSwatch;
			productReference = 8C65519C1CC29D7E0084D5F9 /* XSwatch.app */;
			productType = "com.apple.product-type.application.watchapp2";
		};
		8C6551A71CC29D7F0084D5F9 /* XSwatch Extension */ = {
			isa = PBXNativeTarget;
			buildConfigurationList = 8C6551BB1CC29D7F0084D5F9 /* Build configuration list for PBXNativeTarget "XSwatch Extension" */;
			buildPhases = (
				8C6551A41CC29D7F0084D5F9 /* Sources */,
				8C6551A51CC29D7F0084D5F9 /* Frameworks */,
				8C6551A61CC29D7F0084D5F9 /* Resources */,
			);
			buildRules = (
			);
			dependencies = (
			);
			name = "XSwatch Extension";
			productName = "XSwatch Extension";
			productReference = 8C6551A81CC29D7F0084D5F9 /* XSwatch Extension.appex */;
			productType = "com.apple.product-type.watchkit2-extension";
		};
		8CD0020C1CB2F49A00B39D2D /* ExisChatSwift */ = {
			isa = PBXNativeTarget;
			buildConfigurationList = 8CD002221CB2F49A00B39D2D /* Build configuration list for PBXNativeTarget "ExisChatSwift" */;
			buildPhases = (
				569738A3862966E23FF2BE30 /* Check Pods Manifest.lock */,
				8CD002091CB2F49A00B39D2D /* Sources */,
				8CD0020A1CB2F49A00B39D2D /* Frameworks */,
				8CD0020B1CB2F49A00B39D2D /* Resources */,
				336AC808D9C60869C1ECA9B7 /* Embed Pods Frameworks */,
				C8D62E9CE21005347B701000 /* Copy Pods Resources */,
				8C6551BE1CC29D7F0084D5F9 /* Embed Watch Content */,
			);
			buildRules = (
			);
			dependencies = (
				8C6551B51CC29D7F0084D5F9 /* PBXTargetDependency */,
			);
			name = ExisChatSwift;
			productName = ExisChatSwift;
			productReference = 8CD0020D1CB2F49A00B39D2D /* ExisChatSwift.app */;
			productType = "com.apple.product-type.application";
		};
/* End PBXNativeTarget section */

/* Begin PBXProject section */
		8CD002051CB2F49A00B39D2D /* Project object */ = {
			isa = PBXProject;
			attributes = {
				LastSwiftUpdateCheck = 0730;
				LastUpgradeCheck = 0730;
				ORGANIZATIONNAME = Exis;
				TargetAttributes = {
					8C65519B1CC29D7E0084D5F9 = {
						CreatedOnToolsVersion = 7.3;
					};
					8C6551A71CC29D7F0084D5F9 = {
						CreatedOnToolsVersion = 7.3;
					};
					8CD0020C1CB2F49A00B39D2D = {
						CreatedOnToolsVersion = 7.3;
					};
				};
			};
			buildConfigurationList = 8CD002081CB2F49A00B39D2D /* Build configuration list for PBXProject "ExisChatSwift" */;
			compatibilityVersion = "Xcode 3.2";
			developmentRegion = English;
			hasScannedForEncodings = 0;
			knownRegions = (
				en,
				Base,
			);
			mainGroup = 8CD002041CB2F49A00B39D2D;
			productRefGroup = 8CD0020E1CB2F49A00B39D2D /* Products */;
			projectDirPath = "";
			projectRoot = "";
			targets = (
				8CD0020C1CB2F49A00B39D2D /* ExisChatSwift */,
				8C65519B1CC29D7E0084D5F9 /* XSwatch */,
				8C6551A71CC29D7F0084D5F9 /* XSwatch Extension */,
			);
		};
/* End PBXProject section */

/* Begin PBXResourcesBuildPhase section */
		8C65519A1CC29D7E0084D5F9 /* Resources */ = {
			isa = PBXResourcesBuildPhase;
			buildActionMask = 2147483647;
			files = (
				8C6551A21CC29D7E0084D5F9 /* Assets.xcassets in Resources */,
				8C6551A01CC29D7E0084D5F9 /* Interface.storyboard in Resources */,
			);
			runOnlyForDeploymentPostprocessing = 0;
		};
		8C6551A61CC29D7F0084D5F9 /* Resources */ = {
			isa = PBXResourcesBuildPhase;
			buildActionMask = 2147483647;
			files = (
				8C6551B21CC29D7F0084D5F9 /* Assets.xcassets in Resources */,
			);
			runOnlyForDeploymentPostprocessing = 0;
		};
		8CD0020B1CB2F49A00B39D2D /* Resources */ = {
			isa = PBXResourcesBuildPhase;
			buildActionMask = 2147483647;
			files = (
				8CD0021E1CB2F49A00B39D2D /* LaunchScreen.storyboard in Resources */,
				8CD0021B1CB2F49A00B39D2D /* Assets.xcassets in Resources */,
				8CD002161CB2F49A00B39D2D /* Main.storyboard in Resources */,
				8CF1CF451CB30D4000779C57 /* exis-logo.png in Resources */,
			);
			runOnlyForDeploymentPostprocessing = 0;
		};
/* End PBXResourcesBuildPhase section */

/* Begin PBXShellScriptBuildPhase section */
		336AC808D9C60869C1ECA9B7 /* Embed Pods Frameworks */ = {
			isa = PBXShellScriptBuildPhase;
			buildActionMask = 2147483647;
			files = (
			);
			inputPaths = (
			);
			name = "Embed Pods Frameworks";
			outputPaths = (
			);
			runOnlyForDeploymentPostprocessing = 0;
			shellPath = /bin/sh;
			shellScript = "\"${SRCROOT}/Pods/Target Support Files/Pods-ExisChatSwift/Pods-ExisChatSwift-frameworks.sh\"\n";
			showEnvVarsInLog = 0;
		};
		569738A3862966E23FF2BE30 /* Check Pods Manifest.lock */ = {
			isa = PBXShellScriptBuildPhase;
			buildActionMask = 2147483647;
			files = (
			);
			inputPaths = (
			);
			name = "Check Pods Manifest.lock";
			outputPaths = (
			);
			runOnlyForDeploymentPostprocessing = 0;
			shellPath = /bin/sh;
			shellScript = "diff \"${PODS_ROOT}/../Podfile.lock\" \"${PODS_ROOT}/Manifest.lock\" > /dev/null\nif [[ $? != 0 ]] ; then\n    cat << EOM\nerror: The sandbox is not in sync with the Podfile.lock. Run 'pod install' or update your CocoaPods installation.\nEOM\n    exit 1\nfi\n";
			showEnvVarsInLog = 0;
		};
		C8D62E9CE21005347B701000 /* Copy Pods Resources */ = {
			isa = PBXShellScriptBuildPhase;
			buildActionMask = 2147483647;
			files = (
			);
			inputPaths = (
			);
			name = "Copy Pods Resources";
			outputPaths = (
			);
			runOnlyForDeploymentPostprocessing = 0;
			shellPath = /bin/sh;
			shellScript = "\"${SRCROOT}/Pods/Target Support Files/Pods-ExisChatSwift/Pods-ExisChatSwift-resources.sh\"\n";
			showEnvVarsInLog = 0;
		};
/* End PBXShellScriptBuildPhase section */

/* Begin PBXSourcesBuildPhase section */
		8C6551A41CC29D7F0084D5F9 /* Sources */ = {
			isa = PBXSourcesBuildPhase;
			buildActionMask = 2147483647;
			files = (
				8C6551B01CC29D7F0084D5F9 /* ExtensionDelegate.swift in Sources */,
				8C6551AE1CC29D7F0084D5F9 /* InterfaceController.swift in Sources */,
			);
			runOnlyForDeploymentPostprocessing = 0;
		};
		8CD002091CB2F49A00B39D2D /* Sources */ = {
			isa = PBXSourcesBuildPhase;
			buildActionMask = 2147483647;
			files = (
				8C8A197B1CB450A000C94963 /* LocationManager.swift in Sources */,
				8CD002131CB2F49A00B39D2D /* ViewController.swift in Sources */,
				8C2EED241CC523B100BE4928 /* Config.swift in Sources */,
				8CD002191CB2F49A00B39D2D /* ExisChatSwift.xcdatamodeld in Sources */,
				8CD002111CB2F49A00B39D2D /* AppDelegate.swift in Sources */,
			);
			runOnlyForDeploymentPostprocessing = 0;
		};
/* End PBXSourcesBuildPhase section */

/* Begin PBXTargetDependency section */
		8C6551AB1CC29D7F0084D5F9 /* PBXTargetDependency */ = {
			isa = PBXTargetDependency;
			target = 8C6551A71CC29D7F0084D5F9 /* XSwatch Extension */;
			targetProxy = 8C6551AA1CC29D7F0084D5F9 /* PBXContainerItemProxy */;
		};
		8C6551B51CC29D7F0084D5F9 /* PBXTargetDependency */ = {
			isa = PBXTargetDependency;
			target = 8C65519B1CC29D7E0084D5F9 /* XSwatch */;
			targetProxy = 8C6551B41CC29D7F0084D5F9 /* PBXContainerItemProxy */;
		};
/* End PBXTargetDependency section */

/* Begin PBXVariantGroup section */
		8C65519E1CC29D7E0084D5F9 /* Interface.storyboard */ = {
			isa = PBXVariantGroup;
			children = (
				8C65519F1CC29D7E0084D5F9 /* Base */,
			);
			name = Interface.storyboard;
			sourceTree = "<group>";
		};
		8CD002141CB2F49A00B39D2D /* Main.storyboard */ = {
			isa = PBXVariantGroup;
			children = (
				8CD002151CB2F49A00B39D2D /* Base */,
			);
			name = Main.storyboard;
			sourceTree = "<group>";
		};
		8CD0021C1CB2F49A00B39D2D /* LaunchScreen.storyboard */ = {
			isa = PBXVariantGroup;
			children = (
				8CD0021D1CB2F49A00B39D2D /* Base */,
			);
			name = LaunchScreen.storyboard;
			sourceTree = "<group>";
		};
/* End PBXVariantGroup section */

/* Begin XCBuildConfiguration section */
		8C6551B71CC29D7F0084D5F9 /* Debug */ = {
			isa = XCBuildConfiguration;
			buildSettings = {
				ASSETCATALOG_COMPILER_APPICON_NAME = AppIcon;
				EMBEDDED_CONTENT_CONTAINS_SWIFT = YES;
				IBSC_MODULE = XSwatch_Extension;
				INFOPLIST_FILE = XSwatch/Info.plist;
				PRODUCT_BUNDLE_IDENTIFIER = com.Exis.ExisChatSwift.watchkitapp;
				PRODUCT_NAME = "$(TARGET_NAME)";
				SDKROOT = watchos;
				SKIP_INSTALL = YES;
				TARGETED_DEVICE_FAMILY = 4;
				WATCHOS_DEPLOYMENT_TARGET = 2.2;
			};
			name = Debug;
		};
		8C6551B81CC29D7F0084D5F9 /* Release */ = {
			isa = XCBuildConfiguration;
			buildSettings = {
				ASSETCATALOG_COMPILER_APPICON_NAME = AppIcon;
				EMBEDDED_CONTENT_CONTAINS_SWIFT = YES;
				IBSC_MODULE = XSwatch_Extension;
				INFOPLIST_FILE = XSwatch/Info.plist;
				PRODUCT_BUNDLE_IDENTIFIER = com.Exis.ExisChatSwift.watchkitapp;
				PRODUCT_NAME = "$(TARGET_NAME)";
				SDKROOT = watchos;
				SKIP_INSTALL = YES;
				TARGETED_DEVICE_FAMILY = 4;
				WATCHOS_DEPLOYMENT_TARGET = 2.2;
			};
			name = Release;
		};
		8C6551B91CC29D7F0084D5F9 /* Debug */ = {
			isa = XCBuildConfiguration;
			buildSettings = {
				INFOPLIST_FILE = "XSwatch Extension/Info.plist";
				LD_RUNPATH_SEARCH_PATHS = "$(inherited) @executable_path/Frameworks @executable_path/../../Frameworks";
				PRODUCT_BUNDLE_IDENTIFIER = com.Exis.ExisChatSwift.watchkitapp.watchkitextension;
				PRODUCT_NAME = "${TARGET_NAME}";
				SDKROOT = watchos;
				SKIP_INSTALL = YES;
				TARGETED_DEVICE_FAMILY = 4;
				WATCHOS_DEPLOYMENT_TARGET = 2.2;
			};
			name = Debug;
		};
		8C6551BA1CC29D7F0084D5F9 /* Release */ = {
			isa = XCBuildConfiguration;
			buildSettings = {
				INFOPLIST_FILE = "XSwatch Extension/Info.plist";
				LD_RUNPATH_SEARCH_PATHS = "$(inherited) @executable_path/Frameworks @executable_path/../../Frameworks";
				PRODUCT_BUNDLE_IDENTIFIER = com.Exis.ExisChatSwift.watchkitapp.watchkitextension;
				PRODUCT_NAME = "${TARGET_NAME}";
				SDKROOT = watchos;
				SKIP_INSTALL = YES;
				TARGETED_DEVICE_FAMILY = 4;
				WATCHOS_DEPLOYMENT_TARGET = 2.2;
			};
			name = Release;
		};
		8CD002201CB2F49A00B39D2D /* Debug */ = {
			isa = XCBuildConfiguration;
			buildSettings = {
				ALWAYS_SEARCH_USER_PATHS = NO;
				CLANG_ANALYZER_NONNULL = YES;
				CLANG_CXX_LANGUAGE_STANDARD = "gnu++0x";
				CLANG_CXX_LIBRARY = "libc++";
				CLANG_ENABLE_MODULES = YES;
				CLANG_ENABLE_OBJC_ARC = YES;
				CLANG_WARN_BOOL_CONVERSION = YES;
				CLANG_WARN_CONSTANT_CONVERSION = YES;
				CLANG_WARN_DIRECT_OBJC_ISA_USAGE = YES_ERROR;
				CLANG_WARN_EMPTY_BODY = YES;
				CLANG_WARN_ENUM_CONVERSION = YES;
				CLANG_WARN_INT_CONVERSION = YES;
				CLANG_WARN_OBJC_ROOT_CLASS = YES_ERROR;
				CLANG_WARN_UNREACHABLE_CODE = YES;
				CLANG_WARN__DUPLICATE_METHOD_MATCH = YES;
				"CODE_SIGN_IDENTITY[sdk=iphoneos*]" = "iPhone Developer";
				COPY_PHASE_STRIP = NO;
				DEBUG_INFORMATION_FORMAT = dwarf;
				ENABLE_STRICT_OBJC_MSGSEND = YES;
				ENABLE_TESTABILITY = YES;
				GCC_C_LANGUAGE_STANDARD = gnu99;
				GCC_DYNAMIC_NO_PIC = NO;
				GCC_NO_COMMON_BLOCKS = YES;
				GCC_OPTIMIZATION_LEVEL = 0;
				GCC_PREPROCESSOR_DEFINITIONS = (
					"DEBUG=1",
					"$(inherited)",
				);
				GCC_WARN_64_TO_32_BIT_CONVERSION = YES;
				GCC_WARN_ABOUT_RETURN_TYPE = YES_ERROR;
				GCC_WARN_UNDECLARED_SELECTOR = YES;
				GCC_WARN_UNINITIALIZED_AUTOS = YES_AGGRESSIVE;
				GCC_WARN_UNUSED_FUNCTION = YES;
				GCC_WARN_UNUSED_VARIABLE = YES;
				IPHONEOS_DEPLOYMENT_TARGET = 9.3;
				MTL_ENABLE_DEBUG_INFO = YES;
				ONLY_ACTIVE_ARCH = YES;
				SDKROOT = iphoneos;
				SWIFT_OPTIMIZATION_LEVEL = "-Onone";
			};
			name = Debug;
		};
		8CD002211CB2F49A00B39D2D /* Release */ = {
			isa = XCBuildConfiguration;
			buildSettings = {
				ALWAYS_SEARCH_USER_PATHS = NO;
				CLANG_ANALYZER_NONNULL = YES;
				CLANG_CXX_LANGUAGE_STANDARD = "gnu++0x";
				CLANG_CXX_LIBRARY = "libc++";
				CLANG_ENABLE_MODULES = YES;
				CLANG_ENABLE_OBJC_ARC = YES;
				CLANG_WARN_BOOL_CONVERSION = YES;
				CLANG_WARN_CONSTANT_CONVERSION = YES;
				CLANG_WARN_DIRECT_OBJC_ISA_USAGE = YES_ERROR;
				CLANG_WARN_EMPTY_BODY = YES;
				CLANG_WARN_ENUM_CONVERSION = YES;
				CLANG_WARN_INT_CONVERSION = YES;
				CLANG_WARN_OBJC_ROOT_CLASS = YES_ERROR;
				CLANG_WARN_UNREACHABLE_CODE = YES;
				CLANG_WARN__DUPLICATE_METHOD_MATCH = YES;
				"CODE_SIGN_IDENTITY[sdk=iphoneos*]" = "iPhone Developer";
				COPY_PHASE_STRIP = NO;
				DEBUG_INFORMATION_FORMAT = "dwarf-with-dsym";
				ENABLE_NS_ASSERTIONS = NO;
				ENABLE_STRICT_OBJC_MSGSEND = YES;
				GCC_C_LANGUAGE_STANDARD = gnu99;
				GCC_NO_COMMON_BLOCKS = YES;
				GCC_WARN_64_TO_32_BIT_CONVERSION = YES;
				GCC_WARN_ABOUT_RETURN_TYPE = YES_ERROR;
				GCC_WARN_UNDECLARED_SELECTOR = YES;
				GCC_WARN_UNINITIALIZED_AUTOS = YES_AGGRESSIVE;
				GCC_WARN_UNUSED_FUNCTION = YES;
				GCC_WARN_UNUSED_VARIABLE = YES;
				IPHONEOS_DEPLOYMENT_TARGET = 9.3;
				MTL_ENABLE_DEBUG_INFO = NO;
				SDKROOT = iphoneos;
				VALIDATE_PRODUCT = YES;
			};
			name = Release;
		};
		8CD002231CB2F49A00B39D2D /* Debug */ = {
			isa = XCBuildConfiguration;
			baseConfigurationReference = C8E5092D54F4A99286EF7DC2 /* Pods-ExisChatSwift.debug.xcconfig */;
			buildSettings = {
				ASSETCATALOG_COMPILER_APPICON_NAME = AppIcon;
				INFOPLIST_FILE = ExisChatSwift/Info.plist;
				LD_RUNPATH_SEARCH_PATHS = "$(inherited) @executable_path/Frameworks";
				PRODUCT_BUNDLE_IDENTIFIER = com.Exis.ExisChatSwift;
				PRODUCT_NAME = "$(TARGET_NAME)";
			};
			name = Debug;
		};
		8CD002241CB2F49A00B39D2D /* Release */ = {
			isa = XCBuildConfiguration;
			baseConfigurationReference = A4F9AE4CC147CD366D3100D7 /* Pods-ExisChatSwift.release.xcconfig */;
			buildSettings = {
				ASSETCATALOG_COMPILER_APPICON_NAME = AppIcon;
				INFOPLIST_FILE = ExisChatSwift/Info.plist;
				LD_RUNPATH_SEARCH_PATHS = "$(inherited) @executable_path/Frameworks";
				PRODUCT_BUNDLE_IDENTIFIER = com.Exis.ExisChatSwift;
				PRODUCT_NAME = "$(TARGET_NAME)";
			};
			name = Release;
		};
/* End XCBuildConfiguration section */

/* Begin XCConfigurationList section */
		8C6551BB1CC29D7F0084D5F9 /* Build configuration list for PBXNativeTarget "XSwatch Extension" */ = {
			isa = XCConfigurationList;
			buildConfigurations = (
				8C6551B91CC29D7F0084D5F9 /* Debug */,
				8C6551BA1CC29D7F0084D5F9 /* Release */,
			);
			defaultConfigurationIsVisible = 0;
			defaultConfigurationName = Release;
		};
		8C6551BD1CC29D7F0084D5F9 /* Build configuration list for PBXNativeTarget "XSwatch" */ = {
			isa = XCConfigurationList;
			buildConfigurations = (
				8C6551B71CC29D7F0084D5F9 /* Debug */,
				8C6551B81CC29D7F0084D5F9 /* Release */,
			);
			defaultConfigurationIsVisible = 0;
			defaultConfigurationName = Release;
		};
		8CD002081CB2F49A00B39D2D /* Build configuration list for PBXProject "ExisChatSwift" */ = {
			isa = XCConfigurationList;
			buildConfigurations = (
				8CD002201CB2F49A00B39D2D /* Debug */,
				8CD002211CB2F49A00B39D2D /* Release */,
			);
			defaultConfigurationIsVisible = 0;
			defaultConfigurationName = Release;
		};
		8CD002221CB2F49A00B39D2D /* Build configuration list for PBXNativeTarget "ExisChatSwift" */ = {
			isa = XCConfigurationList;
			buildConfigurations = (
				8CD002231CB2F49A00B39D2D /* Debug */,
				8CD002241CB2F49A00B39D2D /* Release */,
			);
			defaultConfigurationIsVisible = 0;
			defaultConfigurationName = Release;
		};
/* End XCConfigurationList section */

/* Begin XCVersionGroup section */
		8CD002171CB2F49A00B39D2D /* ExisChatSwift.xcdatamodeld */ = {
			isa = XCVersionGroup;
			children = (
				8CD002181CB2F49A00B39D2D /* ExisChatSwift.xcdatamodel */,
			);
			currentVersion = 8CD002181CB2F49A00B39D2D /* ExisChatSwift.xcdatamodel */;
			path = ExisChatSwift.xcdatamodeld;
			sourceTree = "<group>";
			versionGroupType = wrapper.xcdatamodel;
		};
/* End XCVersionGroup section */
	};
	rootObject = 8CD002051CB2F49A00B39D2D /* Project object */;
}
